
Microsoft Visual Studio Solution File, Format Version 12.00
# Visual Studio Version 16
VisualStudioVersion = 16.0.29519.181
MinimumVisualStudioVersion = 10.0.40219.1
Project("{FAE04EC0-301F-11D3-BF4B-00C04F79EFBC}") = "StudentExerciseAPI", "StudentExerciseAPI\StudentExerciseAPI.csproj", "{F21149A2-D646-4169-8620-67F4150CC55A}"
EndProject
Global
	GlobalSection(SolutionConfigurationPlatforms) = preSolution
		Debug|Any CPU = Debug|Any CPU
		Release|Any CPU = Release|Any CPU
	EndGlobalSection
	GlobalSection(ProjectConfigurationPlatforms) = postSolution
		{F21149A2-D646-4169-8620-67F4150CC55A}.Debug|Any CPU.ActiveCfg = Debug|Any CPU
		{F21149A2-D646-4169-8620-67F4150CC55A}.Debug|Any CPU.Build.0 = Debug|Any CPU
		{F21149A2-D646-4169-8620-67F4150CC55A}.Release|Any CPU.ActiveCfg = Release|Any CPU
		{F21149A2-D646-4169-8620-67F4150CC55A}.Release|Any CPU.Build.0 = Release|Any CPU
	EndGlobalSection
	GlobalSection(SolutionProperties) = preSolution
		HideSolutionNode = FALSE
	EndGlobalSection
	GlobalSection(ExtensibilityGlobals) = postSolution
		SolutionGuid = {6863991E-F1B3-4B11-BE22-90F0D3B89BD3}
	EndGlobalSection
EndGlobal
